
Microsoft Visual Studio Solution File, Format Version 12.00
# Visual Studio Version 16
VisualStudioVersion = 16.0.31729.503
MinimumVisualStudioVersion = 10.0.40219.1
Project("{FAE04EC0-301F-11D3-BF4B-00C04F79EFBC}") = "ristinolla", "ristinolla.csproj", "{2DFAFCA5-E238-4D47-A14F-4CA1C59721B2}"
EndProject
Global
	GlobalSection(SolutionConfigurationPlatforms) = preSolution
		Debug|Any CPU = Debug|Any CPU
		Release|Any CPU = Release|Any CPU
	EndGlobalSection
	GlobalSection(ProjectConfigurationPlatforms) = postSolution
		{2DFAFCA5-E238-4D47-A14F-4CA1C59721B2}.Debug|Any CPU.ActiveCfg = Debug|Any CPU
		{2DFAFCA5-E238-4D47-A14F-4CA1C59721B2}.Debug|Any CPU.Build.0 = Debug|Any CPU
		{2DFAFCA5-E238-4D47-A14F-4CA1C59721B2}.Release|Any CPU.ActiveCfg = Release|Any CPU
		{2DFAFCA5-E238-4D47-A14F-4CA1C59721B2}.Release|Any CPU.Build.0 = Release|Any CPU
	EndGlobalSection
	GlobalSection(SolutionProperties) = preSolution
		HideSolutionNode = FALSE
	EndGlobalSection
	GlobalSection(ExtensibilityGlobals) = postSolution
		SolutionGuid = {CB1D9ADC-3E8C-4F17-B82C-CBCD60E769BA}
	EndGlobalSection
EndGlobal
